{
  "name": "tcc-app",
  "version": "1.0.0",
  "lockfileVersion": 2,
  "requires": true,
  "packages": {
    "": {
      "name": "tcc-app",
      "version": "1.0.0",
      "license": "ISC",
      "dependencies": {
        "jquery.redirect": "^1.1.4",
        "tiny-slider": "^2.9.4"
      },
      "devDependencies": {}
    },
    "node_modules/jquery.redirect": {
      "version": "1.1.4",
      "resolved": "https://registry.npmjs.org/jquery.redirect/-/jquery.redirect-1.1.4.tgz",
      "integrity": "sha512-t6YUxbTwTNSXEMww0x6QD3RnlmbtmItDo4IiK3lo4AEqbpq9gUx50HCBCGRpKaF0aTBQAOW/vSnzPjV+Nrlf4Q=="
    },
    "node_modules/tiny-slider": {
      "version": "2.9.4",
      "resolved": "https://registry.npmjs.org/tiny-slider/-/tiny-slider-2.9.4.tgz",
      "integrity": "sha512-LAs2kldWcY+BqCKw4kxd4CMx2RhWrHyEePEsymlOIISTlOVkjfK40sSD7ay73eKXBLg/UkluAZpcfCstimHXew=="
    }
  },
  "dependencies": {
    "jquery.redirect": {
      "version": "1.1.4",
      "resolved": "https://registry.npmjs.org/jquery.redirect/-/jquery.redirect-1.1.4.tgz",
      "integrity": "sha512-t6YUxbTwTNSXEMww0x6QD3RnlmbtmItDo4IiK3lo4AEqbpq9gUx50HCBCGRpKaF0aTBQAOW/vSnzPjV+Nrlf4Q=="
    },
    "tiny-slider": {
      "version": "2.9.4",
      "resolved": "https://registry.npmjs.org/tiny-slider/-/tiny-slider-2.9.4.tgz",
      "integrity": "sha512-LAs2kldWcY+BqCKw4kxd4CMx2RhWrHyEePEsymlOIISTlOVkjfK40sSD7ay73eKXBLg/UkluAZpcfCstimHXew=="
    }
  }
}
